
Microsoft Visual Studio Solution File, Format Version 12.00
# Visual Studio 15
VisualStudioVersion = 15.0.36217.24
MinimumVisualStudioVersion = 10.0.40219.1
Project("{FAE04EC0-301F-11D3-BF4B-00C04F79EFBC}") = "ChainthinkApp", "ChainthinkApp\ChainthinkApp.csproj", "{AD567891-A4DC-4B14-A260-9812A23E78A0}"
EndProject
Global
	GlobalSection(SolutionConfigurationPlatforms) = preSolution
		Debug|Any CPU = Debug|Any CPU
		Release|Any CPU = Release|Any CPU
	EndGlobalSection
	GlobalSection(ProjectConfigurationPlatforms) = postSolution
		{AD567891-A4DC-4B14-A260-9812A23E78A0}.Debug|Any CPU.ActiveCfg = Debug|Any CPU
		{AD567891-A4DC-4B14-A260-9812A23E78A0}.Debug|Any CPU.Build.0 = Debug|Any CPU
		{AD567891-A4DC-4B14-A260-9812A23E78A0}.Release|Any CPU.ActiveCfg = Release|Any CPU
		{AD567891-A4DC-4B14-A260-9812A23E78A0}.Release|Any CPU.Build.0 = Release|Any CPU
	EndGlobalSection
	GlobalSection(SolutionProperties) = preSolution
		HideSolutionNode = FALSE
	EndGlobalSection
	GlobalSection(ExtensibilityGlobals) = postSolution
		SolutionGuid = {3A542B42-9808-4CB1-8E54-0042E3232CA3}
	EndGlobalSection
EndGlobal
